github.com/aontu-lang/aontu/go v0.75.0 h1:GXtBhGXqpY5VSL0Ve/ySmKBTz5C6FKgM44CFGDaIk+Y=
github.com/aontu-lang/aontu/go v0.75.0/go.mod h1:4pphazDj9hs2BtdwDLsSQbGpfFpSYhjsAd2NVDGeROo=
github.com/tabnas/abnf/go v0.4.15 h1:MElCjps2Rszqg/b5LeKK4nzf38lkRhKZk1fwY/I8pf0=
github.com/tabnas/abnf/go v0.4.15/go.mod h1:fdJs0b02RhYMu+agLED9dGKnCp5O8OGBaSeb2oiegG8=
github.com/tabnas/bnf/go v0.1.19 h1:mVwO28yZ7sSQKgylxf/carqLa+FiosGe5P17t/05SFU=
github.com/tabnas/bnf/go v0.1.19/go.mod h1:E0mmsujb/3Ov/5S8R2zGoVaDGwdLNWmvLDUOa9iO4CQ=
github.com/tabnas/debug/go v0.3.8 h1:2vm7Tf6K+s3FfAYhsHkYrqqN26y5W24fMyq/4Yo9JdQ=
github.com/tabnas/debug/go v0.3.8/go.mod h1:f5bB9SonvheyjQxsqfZxZ/IKcXsjX93wu5f2NAWItHM=
github.com/tabnas/directive/go v0.5.8 h1:JgOyTQJwolLt3kdiQWU08g82bU6vCfmNLuSY8aEjThc=
github.com/tabnas/directive/go v0.5.8/go.mod h1:7qg22IQgREUHQvVkGD/H1zOkFJCLRAixMq8X2T5DS/A=
github.com/tabnas/expr/go v0.5.10 h1:+RahLNBlf4UyU3wxwW7CL8GpxwcuW4KCkozKUFNyk5g=
github.com/tabnas/expr/go v0.5.10/go.mod h1:K8cG/s1z76T1ufVfLFxsqr+ii0wVzdl+datWmRP8lZ4=
github.com/tabnas/hoover/go v0.3.9 h1:BsKIyVVL9jYnTuB5/LrL0lWGrpug2rk/rdY7hd30Lcg=
github.com/tabnas/hoover/go v0.3.9/go.mod h1:iTKdMnEy6YYpN+0Dnu1bO/lxNTkG2MEPKJUnVtGWg1E=
github.com/tabnas/ini/go v0.5.9 h1:y95VopXid0/ee2C2IiTerNputJzNgXjg3/3cGDOwjjY=
github.com/tabnas/ini/go v0.5.9/go.mod h1:q7guTYBVqruK9KI59SJGtPwnwggkZg441uT/NLyC7kY=
github.com/tabnas/json/go v0.5.10 h1:1oc3A7TdGnJRY4DHroGenQpjeXTIsCGvzGgSwNJdz0Q=
github.com/tabnas/json/go v0.5.10/go.mod h1:QEPCFNyd0q+RArsCKvg5s16T9Ci5ANBtcIvcljSG8ac=
github.com/tabnas/json5/go v0.5.8 h1:C7V2T+ijdd8+Rpl/DCGDt0NL1cyF9Nk2c/uiIrhixWk=
github.com/tabnas/json5/go v0.5.8/go.mod h1:LljdN80f2CfwZDXBGscBatmRhbpAO1oOwpKFXX2sRrY=
github.com/tabnas/jsonc/go v0.5.7 h1:Y7CZOF/idZswV6Ctaf+jH4ra6l6ezt1jvdML34uoVHA=
github.com/tabnas/jsonc/go v0.5.7/go.mod h1:2wk8TyLWxYx8jg7WpbCdEYUZnxHbyTB8uWmW+zzavQo=
github.com/tabnas/jsonic/go v0.7.1 h1:SHvhBRP73yuv8UQnuyYAtjhR/7KO26aBsaQAP6a5UC4=
github.com/tabnas/jsonic/go v0.7.1/go.mod h1:/OgTZ+gQgto1X+l1I8qT/dZMeiOTqoFKMydyQR8Qya0=
github.com/tabnas/multisource/go v0.5.8 h1:aBAd4CN35XHMTBQVKnnKTtz4Vq6PafcnOGwia6mcf4c=
github.com/tabnas/multisource/go v0.5.8/go.mod h1:wWnwpBrdJzgaRg0UI/raskG7ATPZXHWq0ACh6lvVNgQ=
github.com/tabnas/parser/go v0.12.2 h1:ZvJDKK0xnv+gpSwrXOIRmdTVXcyaFJwiT97lsj9NPL8=
github.com/tabnas/parser/go v0.12.2/go.mod h1:WrlfEVyZ1QjEIowWiyEu3K1iHj7wxuPut5zoH9Trehk=
github.com/tabnas/path/go v0.3.8 h1:z7aINuTyE4gdOocsMuuISwca0Crd0yXALg1DDMo2kKU=
github.com/tabnas/path/go v0.3.8/go.mod h1:wdRZQRQICkZaBKXc5E6aWO92Fm0k0652EcfqIutAmSk=
github.com/tabnas/support/go v0.3.5 h1:BOjCXg7M+1DhNso2CTso6f/ED7n/q8IASVkrF5PDY9k=
github.com/tabnas/support/go v0.3.5/go.mod h1:q+EGPO8fRFQAYDwRHFH4lafD5l5W/NCdY8vhN9IJOkY=
github.com/tabnas/toml/go v0.5.8 h1:ctgZJNDw5UieBQms3w0Ed6TaJp4eCXkQoYIa7A46PVg=
github.com/tabnas/toml/go v0.5.8/go.mod h1:qRklUuxRGlvT2pb0W2QOUpfHYlPlTfF+N3Ml/bF8J1w=
github.com/tabnas/yaml/go v0.5.8 h1:pMM/dgyp197sMTJYlZdnOf5FzuJ82nymOgYtM/TIJ+A=
github.com/tabnas/yaml/go v0.5.8/go.mod h1:dEhhPxxEsK3M6JbQZFEa8lrwO8kLqbcabRH+61JAaQI=
golang.org/x/mod v0.32.0 h1:9F4d3PHLljb6x//jOyokMv3eX+YDeepZSEo3mFJy93c=
golang.org/x/mod v0.32.0/go.mod h1:SgipZ/3h2Ci89DlEtEXWUk/HteuRin+HHhN+WbNhguU=
golang.org/x/text v0.34.0 h1:oL/Qq0Kdaqxa1KbNeMKwQq0reLCCaFtqu2eNuSeNHbk=
golang.org/x/text v0.34.0/go.mod h1:homfLqTYRFyVYemLBFl5GgL/DWEiH5wcsQ5gSh1yziA=
